// !$*UTF8*$!
{
	archiveVersion = 1;
	classes = {
	};
	objectVersion = 55;
	objects = {

/* Begin PBXBuildFile section */
		8B15A2002989A83F0021D879 /* AppDelegate.swift in Sources */ = {isa = PBXBuildFile; fileRef = 8B15A1FF2989A83F0021D879 /* AppDelegate.swift */; };
		8B15A2022989A83F0021D879 /* SceneDelegate.swift in Sources */ = {isa = PBXBuildFile; fileRef = 8B15A2012989A83F0021D879 /* SceneDelegate.swift */; };
		8B15A2042989A83F0021D879 /* HomeController.swift in Sources */ = {isa = PBXBuildFile; fileRef = 8B15A2032989A83F0021D879 /* HomeController.swift */; };
		8B15A20A2989A83F0021D879 /* MovieApp.xcdatamodeld in Sources */ = {isa = PBXBuildFile; fileRef = 8B15A2082989A83F0021D879 /* MovieApp.xcdatamodeld */; };
		8B15A20C2989A8430021D879 /* Assets.xcassets in Resources */ = {isa = PBXBuildFile; fileRef = 8B15A20B2989A8430021D879 /* Assets.xcassets */; };
		8B15A20F2989A8430021D879 /* LaunchScreen.storyboard in Resources */ = {isa = PBXBuildFile; fileRef = 8B15A20D2989A8430021D879 /* LaunchScreen.storyboard */; };
		8B15A21A2989A8430021D879 /* MovieAppTests.swift in Sources */ = {isa = PBXBuildFile; fileRef = 8B15A2192989A8430021D879 /* MovieAppTests.swift */; };
		8B15A2242989A8430021D879 /* MovieAppUITests.swift in Sources */ = {isa = PBXBuildFile; fileRef = 8B15A2232989A8430021D879 /* MovieAppUITests.swift */; };
		8B15A2262989A8430021D879 /* MovieAppUITestsLaunchTests.swift in Sources */ = {isa = PBXBuildFile; fileRef = 8B15A2252989A8430021D879 /* MovieAppUITestsLaunchTests.swift */; };
		8B1BAE4429B25CDD00738BBC /* Kingfisher in Frameworks */ = {isa = PBXBuildFile; productRef = 8B1BAE4329B25CDD00738BBC /* Kingfisher */; };
		8B57D3FC299AD54400F530AD /* DiscoverController.swift in Sources */ = {isa = PBXBuildFile; fileRef = 8B57D3FB299AD54400F530AD /* DiscoverController.swift */; };
		8B57D3FE299AD55B00F530AD /* BookmarkController.swift in Sources */ = {isa = PBXBuildFile; fileRef = 8B57D3FD299AD55B00F530AD /* BookmarkController.swift */; };
		8B57D400299ADD6500F530AD /* DetailController.swift in Sources */ = {isa = PBXBuildFile; fileRef = 8B57D3FF299ADD6500F530AD /* DetailController.swift */; };
		8B57D404299ADF3300F530AD /* UIView.swift in Sources */ = {isa = PBXBuildFile; fileRef = 8B57D403299ADF3300F530AD /* UIView.swift */; };
		8B60654929B6970500739EA9 /* TopRatedMoviesRequest.swift in Sources */ = {isa = PBXBuildFile; fileRef = 8B60654829B6970500739EA9 /* TopRatedMoviesRequest.swift */; };
		8B60654C29B6972300739EA9 /* UpComingMoviesRequest.swift in Sources */ = {isa = PBXBuildFile; fileRef = 8B60654B29B6972300739EA9 /* UpComingMoviesRequest.swift */; };
		8B643E2F29A22BAE005BD9D0 /* HorizontalMovieCell.swift in Sources */ = {isa = PBXBuildFile; fileRef = 8B643E2E29A22BAE005BD9D0 /* HorizontalMovieCell.swift */; };
		8B72FE7729A14E8D00E32295 /* HomeViewModel.swift in Sources */ = {isa = PBXBuildFile; fileRef = 8B72FE7629A14E8D00E32295 /* HomeViewModel.swift */; };
		8B7F1C8C29AFD03D007CCD09 /* Movies.swift in Sources */ = {isa = PBXBuildFile; fileRef = 8B7F1C8B29AFD03D007CCD09 /* Movies.swift */; };
		8B7F1C8F29AFD2C8007CCD09 /* NetworkService.swift in Sources */ = {isa = PBXBuildFile; fileRef = 8B7F1C8E29AFD2C8007CCD09 /* NetworkService.swift */; };
		8B879F7E29A7E44B0046C88F /* BaseRequestModel.swift in Sources */ = {isa = PBXBuildFile; fileRef = 8B879F7D29A7E44B0046C88F /* BaseRequestModel.swift */; };
		8B879F8229A7E6D90046C88F /* NowPlayingMovieRequest.swift in Sources */ = {isa = PBXBuildFile; fileRef = 8B879F8129A7E6D90046C88F /* NowPlayingMovieRequest.swift */; };
		8B879F8729A7E9B50046C88F /* NetworkManager.swift in Sources */ = {isa = PBXBuildFile; fileRef = 8B879F8629A7E9B50046C88F /* NetworkManager.swift */; };
		8B879F8929A7EBAA0046C88F /* NetworkErrors.swift in Sources */ = {isa = PBXBuildFile; fileRef = 8B879F8829A7EBAA0046C88F /* NetworkErrors.swift */; };
		8B879F8F29A7EECD0046C88F /* Movie.swift in Sources */ = {isa = PBXBuildFile; fileRef = 8B879F8E29A7EECD0046C88F /* Movie.swift */; };
		8BC4CA8629B684200016F3A7 /* PopularMoviesRequest.swift in Sources */ = {isa = PBXBuildFile; fileRef = 8BC4CA8529B684200016F3A7 /* PopularMoviesRequest.swift */; };
		8BD8D0C2299AA79400A488EC /* TabBarController.swift in Sources */ = {isa = PBXBuildFile; fileRef = 8BD8D0C1299AA79400A488EC /* TabBarController.swift */; };
		8BD8D0C8299AB01F00A488EC /* String.swift in Sources */ = {isa = PBXBuildFile; fileRef = 8BD8D0C7299AB01F00A488EC /* String.swift */; };
		8BD8D0CB299AB08900A488EC /* Localizable.strings in Resources */ = {isa = PBXBuildFile; fileRef = 8BD8D0CD299AB08900A488EC /* Localizable.strings */; };
		8BDDCEB729B3CFA200D9F173 /* MoviesTableViewCell.swift in Sources */ = {isa = PBXBuildFile; fileRef = 8BDDCEB629B3CFA200D9F173 /* MoviesTableViewCell.swift */; };
/* End PBXBuildFile section */

/* Begin PBXContainerItemProxy section */
		8B15A2162989A8430021D879 /* PBXContainerItemProxy */ = {
			isa = PBXContainerItemProxy;
			containerPortal = 8B15A1F42989A83F0021D879 /* Project object */;
			proxyType = 1;
			remoteGlobalIDString = 8B15A1FB2989A83F0021D879;
			remoteInfo = MovieApp;
		};
		8B15A2202989A8430021D879 /* PBXContainerItemProxy */ = {
			isa = PBXContainerItemProxy;
			containerPortal = 8B15A1F42989A83F0021D879 /* Project object */;
			proxyType = 1;
			remoteGlobalIDString = 8B15A1FB2989A83F0021D879;
			remoteInfo = MovieApp;
		};
/* End PBXContainerItemProxy section */

/* Begin PBXFileReference section */
		8B15A1FC2989A83F0021D879 /* MovieApp.app */ = {isa = PBXFileReference; explicitFileType = wrapper.application; includeInIndex = 0; path = MovieApp.app; sourceTree = BUILT_PRODUCTS_DIR; };
		8B15A1FF2989A83F0021D879 /* AppDelegate.swift */ = {isa = PBXFileReference; lastKnownFileType = sourcecode.swift; path = AppDelegate.swift; sourceTree = "<group>"; };
		8B15A2012989A83F0021D879 /* SceneDelegate.swift */ = {isa = PBXFileReference; lastKnownFileType = sourcecode.swift; path = SceneDelegate.swift; sourceTree = "<group>"; };
		8B15A2032989A83F0021D879 /* HomeController.swift */ = {isa = PBXFileReference; lastKnownFileType = sourcecode.swift; path = HomeController.swift; sourceTree = "<group>"; };
		8B15A2092989A83F0021D879 /* MovieApp.xcdatamodel */ = {isa = PBXFileReference; lastKnownFileType = wrapper.xcdatamodel; path = MovieApp.xcdatamodel; sourceTree = "<group>"; };
		8B15A20B2989A8430021D879 /* Assets.xcassets */ = {isa = PBXFileReference; lastKnownFileType = folder.assetcatalog; path = Assets.xcassets; sourceTree = "<group>"; };
		8B15A20E2989A8430021D879 /* Base */ = {isa = PBXFileReference; lastKnownFileType = file.storyboard; name = Base; path = Base.lproj/LaunchScreen.storyboard; sourceTree = "<group>"; };
		8B15A2102989A8430021D879 /* Info.plist */ = {isa = PBXFileReference; lastKnownFileType = text.plist.xml; path = Info.plist; sourceTree = "<group>"; };
		8B15A2152989A8430021D879 /* MovieAppTests.xctest */ = {isa = PBXFileReference; explicitFileType = wrapper.cfbundle; includeInIndex = 0; path = MovieAppTests.xctest; sourceTree = BUILT_PRODUCTS_DIR; };
		8B15A2192989A8430021D879 /* MovieAppTests.swift */ = {isa = PBXFileReference; lastKnownFileType = sourcecode.swift; path = MovieAppTests.swift; sourceTree = "<group>"; };
		8B15A21F2989A8430021D879 /* MovieAppUITests.xctest */ = {isa = PBXFileReference; explicitFileType = wrapper.cfbundle; includeInIndex = 0; path = MovieAppUITests.xctest; sourceTree = BUILT_PRODUCTS_DIR; };
		8B15A2232989A8430021D879 /* MovieAppUITests.swift */ = {isa = PBXFileReference; lastKnownFileType = sourcecode.swift; path = MovieAppUITests.swift; sourceTree = "<group>"; };
		8B15A2252989A8430021D879 /* MovieAppUITestsLaunchTests.swift */ = {isa = PBXFileReference; lastKnownFileType = sourcecode.swift; path = MovieAppUITestsLaunchTests.swift; sourceTree = "<group>"; };
		8B57D3FB299AD54400F530AD /* DiscoverController.swift */ = {isa = PBXFileReference; lastKnownFileType = sourcecode.swift; path = DiscoverController.swift; sourceTree = "<group>"; };
		8B57D3FD299AD55B00F530AD /* BookmarkController.swift */ = {isa = PBXFileReference; lastKnownFileType = sourcecode.swift; path = BookmarkController.swift; sourceTree = "<group>"; };
		8B57D3FF299ADD6500F530AD /* DetailController.swift */ = {isa = PBXFileReference; lastKnownFileType = sourcecode.swift; path = DetailController.swift; sourceTree = "<group>"; };
		8B57D403299ADF3300F530AD /* UIView.swift */ = {isa = PBXFileReference; lastKnownFileType = sourcecode.swift; path = UIView.swift; sourceTree = "<group>"; };
		8B60654829B6970500739EA9 /* TopRatedMoviesRequest.swift */ = {isa = PBXFileReference; lastKnownFileType = sourcecode.swift; path = TopRatedMoviesRequest.swift; sourceTree = "<group>"; };
		8B60654B29B6972300739EA9 /* UpComingMoviesRequest.swift */ = {isa = PBXFileReference; lastKnownFileType = sourcecode.swift; path = UpComingMoviesRequest.swift; sourceTree = "<group>"; };
		8B643E2E29A22BAE005BD9D0 /* HorizontalMovieCell.swift */ = {isa = PBXFileReference; lastKnownFileType = sourcecode.swift; path = HorizontalMovieCell.swift; sourceTree = "<group>"; };
		8B72FE7629A14E8D00E32295 /* HomeViewModel.swift */ = {isa = PBXFileReference; lastKnownFileType = sourcecode.swift; path = HomeViewModel.swift; sourceTree = "<group>"; };
		8B7F1C8B29AFD03D007CCD09 /* Movies.swift */ = {isa = PBXFileReference; lastKnownFileType = sourcecode.swift; path = Movies.swift; sourceTree = "<group>"; };
		8B7F1C8E29AFD2C8007CCD09 /* NetworkService.swift */ = {isa = PBXFileReference; lastKnownFileType = sourcecode.swift; path = NetworkService.swift; sourceTree = "<group>"; };
		8B879F7D29A7E44B0046C88F /* BaseRequestModel.swift */ = {isa = PBXFileReference; lastKnownFileType = sourcecode.swift; path = BaseRequestModel.swift; sourceTree = "<group>"; };
		8B879F8129A7E6D90046C88F /* NowPlayingMovieRequest.swift */ = {isa = PBXFileReference; lastKnownFileType = sourcecode.swift; path = NowPlayingMovieRequest.swift; sourceTree = "<group>"; };
		8B879F8629A7E9B50046C88F /* NetworkManager.swift */ = {isa = PBXFileReference; lastKnownFileType = sourcecode.swift; path = NetworkManager.swift; sourceTree = "<group>"; };
		8B879F8829A7EBAA0046C88F /* NetworkErrors.swift */ = {isa = PBXFileReference; lastKnownFileType = sourcecode.swift; path = NetworkErrors.swift; sourceTree = "<group>"; };
		8B879F8E29A7EECD0046C88F /* Movie.swift */ = {isa = PBXFileReference; lastKnownFileType = sourcecode.swift; path = Movie.swift; sourceTree = "<group>"; };
		8BC4CA8529B684200016F3A7 /* PopularMoviesRequest.swift */ = {isa = PBXFileReference; lastKnownFileType = sourcecode.swift; path = PopularMoviesRequest.swift; sourceTree = "<group>"; };
		8BD8D0C1299AA79400A488EC /* TabBarController.swift */ = {isa = PBXFileReference; lastKnownFileType = sourcecode.swift; path = TabBarController.swift; sourceTree = "<group>"; };
		8BD8D0C7299AB01F00A488EC /* String.swift */ = {isa = PBXFileReference; lastKnownFileType = sourcecode.swift; path = String.swift; sourceTree = "<group>"; };
		8BD8D0CC299AB08900A488EC /* en */ = {isa = PBXFileReference; lastKnownFileType = text.plist.strings; name = en; path = en.lproj/Localizable.strings; sourceTree = "<group>"; };
		8BD8D0CE299AB09E00A488EC /* tr */ = {isa = PBXFileReference; lastKnownFileType = text.plist.strings; name = tr; path = tr.lproj/Localizable.strings; sourceTree = "<group>"; };
		8BDDCEB629B3CFA200D9F173 /* MoviesTableViewCell.swift */ = {isa = PBXFileReference; lastKnownFileType = sourcecode.swift; path = MoviesTableViewCell.swift; sourceTree = "<group>"; };
/* End PBXFileReference section */

/* Begin PBXFrameworksBuildPhase section */
		8B15A1F92989A83F0021D879 /* Frameworks */ = {
			isa = PBXFrameworksBuildPhase;
			buildActionMask = 2147483647;
			files = (
				8B1BAE4429B25CDD00738BBC /* Kingfisher in Frameworks */,
			);
			runOnlyForDeploymentPostprocessing = 0;
		};
		8B15A2122989A8430021D879 /* Frameworks */ = {
			isa = PBXFrameworksBuildPhase;
			buildActionMask = 2147483647;
			files = (
			);
			runOnlyForDeploymentPostprocessing = 0;
		};
		8B15A21C2989A8430021D879 /* Frameworks */ = {
			isa = PBXFrameworksBuildPhase;
			buildActionMask = 2147483647;
			files = (
			);
			runOnlyForDeploymentPostprocessing = 0;
		};
/* End PBXFrameworksBuildPhase section */

/* Begin PBXGroup section */
		8B15A1F32989A83F0021D879 = {
			isa = PBXGroup;
			children = (
				8B15A1FE2989A83F0021D879 /* MovieApp */,
				8B15A2182989A8430021D879 /* MovieAppTests */,
				8B15A2222989A8430021D879 /* MovieAppUITests */,
				8B15A1FD2989A83F0021D879 /* Products */,
			);
			sourceTree = "<group>";
		};
		8B15A1FD2989A83F0021D879 /* Products */ = {
			isa = PBXGroup;
			children = (
				8B15A1FC2989A83F0021D879 /* MovieApp.app */,
				8B15A2152989A8430021D879 /* MovieAppTests.xctest */,
				8B15A21F2989A8430021D879 /* MovieAppUITests.xctest */,
			);
			name = Products;
			sourceTree = "<group>";
		};
		8B15A1FE2989A83F0021D879 /* MovieApp */ = {
			isa = PBXGroup;
			children = (
				8BD8D0BF299AA75100A488EC /* CoreData */,
				8B879F8429A7E91E0046C88F /* Managers */,
				8B879F7C29A7E43E0046C88F /* Models */,
				8B879F8329A7E9180046C88F /* Network */,
				8BD8D0B6299A9B9D00A488EC /* Resources */,
				8BD8D0B2299A9B8400A488EC /* Scenes */,
				8BD8D0BA299AA57A00A488EC /* Supports */,
				8BD8D0B7299A9BB900A488EC /* Utilities */,
			);
			path = MovieApp;
			sourceTree = "<group>";
		};
		8B15A2182989A8430021D879 /* MovieAppTests */ = {
			isa = PBXGroup;
			children = (
				8B15A2192989A8430021D879 /* MovieAppTests.swift */,
			);
			path = MovieAppTests;
			sourceTree = "<group>";
		};
		8B15A2222989A8430021D879 /* MovieAppUITests */ = {
			isa = PBXGroup;
			children = (
				8B15A2232989A8430021D879 /* MovieAppUITests.swift */,
				8B15A2252989A8430021D879 /* MovieAppUITestsLaunchTests.swift */,
			);
			path = MovieAppUITests;
			sourceTree = "<group>";
		};
		8B57D3F9299AD51300F530AD /* Discover */ = {
			isa = PBXGroup;
			children = (
				8B57D3FB299AD54400F530AD /* DiscoverController.swift */,
			);
			path = Discover;
			sourceTree = "<group>";
		};
		8B643E2D29A22B80005BD9D0 /* Cell */ = {
			isa = PBXGroup;
			children = (
				8B643E2E29A22BAE005BD9D0 /* HorizontalMovieCell.swift */,
				8BDDCEB629B3CFA200D9F173 /* MoviesTableViewCell.swift */,
			);
			path = Cell;
			sourceTree = "<group>";
		};
		8B879F7C29A7E43E0046C88F /* Models */ = {
			isa = PBXGroup;
			children = (
				8B879F8B29A7EEAE0046C88F /* Request */,
				8B879F8C29A7EEB70046C88F /* Response */,
			);
			path = Models;
			sourceTree = "<group>";
		};
		8B879F7F29A7E5EE0046C88F /* Constants */ = {
			isa = PBXGroup;
			children = (
			);
			path = Constants;
			sourceTree = "<group>";
		};
		8B879F8029A7E5F60046C88F /* Enums */ = {
			isa = PBXGroup;
			children = (
				8B879F8829A7EBAA0046C88F /* NetworkErrors.swift */,
			);
			path = Enums;
			sourceTree = "<group>";
		};
		8B879F8329A7E9180046C88F /* Network */ = {
			isa = PBXGroup;
			children = (
				8B879F8629A7E9B50046C88F /* NetworkManager.swift */,
				8B7F1C8E29AFD2C8007CCD09 /* NetworkService.swift */,
			);
			path = Network;
			sourceTree = "<group>";
		};
		8B879F8429A7E91E0046C88F /* Managers */ = {
			isa = PBXGroup;
			children = (
			);
			path = Managers;
			sourceTree = "<group>";
		};
		8B879F8B29A7EEAE0046C88F /* Request */ = {
			isa = PBXGroup;
			children = (
				8B879F7D29A7E44B0046C88F /* BaseRequestModel.swift */,
				8B879F8129A7E6D90046C88F /* NowPlayingMovieRequest.swift */,
				8BC4CA8529B684200016F3A7 /* PopularMoviesRequest.swift */,
				8B60654829B6970500739EA9 /* TopRatedMoviesRequest.swift */,
				8B60654B29B6972300739EA9 /* UpComingMoviesRequest.swift */,
			);
			path = Request;
			sourceTree = "<group>";
		};
		8B879F8C29A7EEB70046C88F /* Response */ = {
			isa = PBXGroup;
			children = (
				8B879F8E29A7EECD0046C88F /* Movie.swift */,
				8B7F1C8B29AFD03D007CCD09 /* Movies.swift */,
			);
			path = Response;
			sourceTree = "<group>";
		};
		8BD8D0B2299A9B8400A488EC /* Scenes */ = {
			isa = PBXGroup;
			children = (
				8B57D3F9299AD51300F530AD /* Discover */,
				8BD8D0BE299AA5F300A488EC /* Bookmark */,
				8BD8D0BD299AA5EB00A488EC /* Detail */,
				8BD8D0BB299AA5E000A488EC /* Home */,
				8BD8D0BC299AA5E500A488EC /* TabBar */,
			);
			path = Scenes;
			sourceTree = "<group>";
		};
		8BD8D0B6299A9B9D00A488EC /* Resources */ = {
			isa = PBXGroup;
			children = (
				8B15A20B2989A8430021D879 /* Assets.xcassets */,
				8B15A2102989A8430021D879 /* Info.plist */,
				8B15A20D2989A8430021D879 /* LaunchScreen.storyboard */,
				8BD8D0CD299AB08900A488EC /* Localizable.strings */,
			);
			path = Resources;
			sourceTree = "<group>";
		};
		8BD8D0B7299A9BB900A488EC /* Utilities */ = {
			isa = PBXGroup;
			children = (
				8B879F7F29A7E5EE0046C88F /* Constants */,
				8B879F8029A7E5F60046C88F /* Enums */,
				8BD8D0B9299AA4A500A488EC /* Extensions */,
			);
			path = Utilities;
			sourceTree = "<group>";
		};
		8BD8D0B9299AA4A500A488EC /* Extensions */ = {
			isa = PBXGroup;
			children = (
				8BD8D0C7299AB01F00A488EC /* String.swift */,
				8B57D403299ADF3300F530AD /* UIView.swift */,
			);
			path = Extensions;
			sourceTree = "<group>";
		};
		8BD8D0BA299AA57A00A488EC /* Supports */ = {
			isa = PBXGroup;
			children = (
				8B15A1FF2989A83F0021D879 /* AppDelegate.swift */,
				8B15A2012989A83F0021D879 /* SceneDelegate.swift */,
			);
			path = Supports;
			sourceTree = "<group>";
		};
		8BD8D0BB299AA5E000A488EC /* Home */ = {
			isa = PBXGroup;
			children = (
				8B643E2D29A22B80005BD9D0 /* Cell */,
				8B15A2032989A83F0021D879 /* HomeController.swift */,
				8B72FE7629A14E8D00E32295 /* HomeViewModel.swift */,
			);
			path = Home;
			sourceTree = "<group>";
		};
		8BD8D0BC299AA5E500A488EC /* TabBar */ = {
			isa = PBXGroup;
			children = (
				8BD8D0C1299AA79400A488EC /* TabBarController.swift */,
			);
			path = TabBar;
			sourceTree = "<group>";
		};
		8BD8D0BD299AA5EB00A488EC /* Detail */ = {
			isa = PBXGroup;
			children = (
				8B57D3FF299ADD6500F530AD /* DetailController.swift */,
			);
			path = Detail;
			sourceTree = "<group>";
		};
		8BD8D0BE299AA5F300A488EC /* Bookmark */ = {
			isa = PBXGroup;
			children = (
				8B57D3FD299AD55B00F530AD /* BookmarkController.swift */,
			);
			path = Bookmark;
			sourceTree = "<group>";
		};
		8BD8D0BF299AA75100A488EC /* CoreData */ = {
			isa = PBXGroup;
			children = (
				8B15A2082989A83F0021D879 /* MovieApp.xcdatamodeld */,
			);
			path = CoreData;
			sourceTree = "<group>";
		};
/* End PBXGroup section */

/* Begin PBXNativeTarget section */
		8B15A1FB2989A83F0021D879 /* MovieApp */ = {
			isa = PBXNativeTarget;
			buildConfigurationList = 8B15A2292989A8430021D879 /* Build configuration list for PBXNativeTarget "MovieApp" */;
			buildPhases = (
				8B15A1F82989A83F0021D879 /* Sources */,
				8B15A1F92989A83F0021D879 /* Frameworks */,
				8B15A1FA2989A83F0021D879 /* Resources */,
			);
			buildRules = (
			);
			dependencies = (
			);
			name = MovieApp;
			packageProductDependencies = (
				8B1BAE4329B25CDD00738BBC /* Kingfisher */,
			);
			productName = MovieApp;
			productReference = 8B15A1FC2989A83F0021D879 /* MovieApp.app */;
			productType = "com.apple.product-type.application";
		};
		8B15A2142989A8430021D879 /* MovieAppTests */ = {
			isa = PBXNativeTarget;
			buildConfigurationList = 8B15A22C2989A8430021D879 /* Build configuration list for PBXNativeTarget "MovieAppTests" */;
			buildPhases = (
				8B15A2112989A8430021D879 /* Sources */,
				8B15A2122989A8430021D879 /* Frameworks */,
				8B15A2132989A8430021D879 /* Resources */,
			);
			buildRules = (
			);
			dependencies = (
				8B15A2172989A8430021D879 /* PBXTargetDependency */,
			);
			name = MovieAppTests;
			productName = MovieAppTests;
			productReference = 8B15A2152989A8430021D879 /* MovieAppTests.xctest */;
			productType = "com.apple.product-type.bundle.unit-test";
		};
		8B15A21E2989A8430021D879 /* MovieAppUITests */ = {
			isa = PBXNativeTarget;
			buildConfigurationList = 8B15A22F2989A8430021D879 /* Build configuration list for PBXNativeTarget "MovieAppUITests" */;
			buildPhases = (
				8B15A21B2989A8430021D879 /* Sources */,
				8B15A21C2989A8430021D879 /* Frameworks */,
				8B15A21D2989A8430021D879 /* Resources */,
			);
			buildRules = (
			);
			dependencies = (
				8B15A2212989A8430021D879 /* PBXTargetDependency */,
			);
			name = MovieAppUITests;
			productName = MovieAppUITests;
			productReference = 8B15A21F2989A8430021D879 /* MovieAppUITests.xctest */;
			productType = "com.apple.product-type.bundle.ui-testing";
		};
/* End PBXNativeTarget section */

/* Begin PBXProject section */
		8B15A1F42989A83F0021D879 /* Project object */ = {
			isa = PBXProject;
			attributes = {
				BuildIndependentTargetsInParallel = 1;
				LastSwiftUpdateCheck = 1340;
				LastUpgradeCheck = 1340;
				TargetAttributes = {
					8B15A1FB2989A83F0021D879 = {
						CreatedOnToolsVersion = 13.4.1;
					};
					8B15A2142989A8430021D879 = {
						CreatedOnToolsVersion = 13.4.1;
						TestTargetID = 8B15A1FB2989A83F0021D879;
					};
					8B15A21E2989A8430021D879 = {
						CreatedOnToolsVersion = 13.4.1;
						TestTargetID = 8B15A1FB2989A83F0021D879;
					};
				};
			};
			buildConfigurationList = 8B15A1F72989A83F0021D879 /* Build configuration list for PBXProject "MovieApp" */;
			compatibilityVersion = "Xcode 13.0";
			developmentRegion = en;
			hasScannedForEncodings = 0;
			knownRegions = (
				en,
				Base,
				tr,
			);
			mainGroup = 8B15A1F32989A83F0021D879;
			packageReferences = (
				8B1BAE4229B25CDD00738BBC /* XCRemoteSwiftPackageReference "Kingfisher" */,
			);
			productRefGroup = 8B15A1FD2989A83F0021D879 /* Products */;
			projectDirPath = "";
			projectRoot = "";
			targets = (
				8B15A1FB2989A83F0021D879 /* MovieApp */,
				8B15A2142989A8430021D879 /* MovieAppTests */,
				8B15A21E2989A8430021D879 /* MovieAppUITests */,
			);
		};
/* End PBXProject section */

/* Begin PBXResourcesBuildPhase section */
		8B15A1FA2989A83F0021D879 /* Resources */ = {
			isa = PBXResourcesBuildPhase;
			buildActionMask = 2147483647;
			files = (
				8B15A20F2989A8430021D879 /* LaunchScreen.storyboard in Resources */,
				8BD8D0CB299AB08900A488EC /* Localizable.strings in Resources */,
				8B15A20C2989A8430021D879 /* Assets.xcassets in Resources */,
			);
			runOnlyForDeploymentPostprocessing = 0;
		};
		8B15A2132989A8430021D879 /* Resources */ = {
			isa = PBXResourcesBuildPhase;
			buildActionMask = 2147483647;
			files = (
			);
			runOnlyForDeploymentPostprocessing = 0;
		};
		8B15A21D2989A8430021D879 /* Resources */ = {
			isa = PBXResourcesBuildPhase;
			buildActionMask = 2147483647;
			files = (
			);
			runOnlyForDeploymentPostprocessing = 0;
		};
/* End PBXResourcesBuildPhase section */

/* Begin PBXSourcesBuildPhase section */
		8B15A1F82989A83F0021D879 /* Sources */ = {
			isa = PBXSourcesBuildPhase;
			buildActionMask = 2147483647;
			files = (
				8B15A2042989A83F0021D879 /* HomeController.swift in Sources */,
				8B60654C29B6972300739EA9 /* UpComingMoviesRequest.swift in Sources */,
				8B72FE7729A14E8D00E32295 /* HomeViewModel.swift in Sources */,
				8BDDCEB729B3CFA200D9F173 /* MoviesTableViewCell.swift in Sources */,
				8B879F7E29A7E44B0046C88F /* BaseRequestModel.swift in Sources */,
				8B57D3FC299AD54400F530AD /* DiscoverController.swift in Sources */,
				8B879F8229A7E6D90046C88F /* NowPlayingMovieRequest.swift in Sources */,
				8B879F8929A7EBAA0046C88F /* NetworkErrors.swift in Sources */,
				8B57D404299ADF3300F530AD /* UIView.swift in Sources */,
				8B15A2002989A83F0021D879 /* AppDelegate.swift in Sources */,
				8B15A20A2989A83F0021D879 /* MovieApp.xcdatamodeld in Sources */,
				8B643E2F29A22BAE005BD9D0 /* HorizontalMovieCell.swift in Sources */,
				8BD8D0C8299AB01F00A488EC /* String.swift in Sources */,
				8B57D3FE299AD55B00F530AD /* BookmarkController.swift in Sources */,
				8BD8D0C2299AA79400A488EC /* TabBarController.swift in Sources */,
				8BC4CA8629B684200016F3A7 /* PopularMoviesRequest.swift in Sources */,
				8B879F8729A7E9B50046C88F /* NetworkManager.swift in Sources */,
				8B60654929B6970500739EA9 /* TopRatedMoviesRequest.swift in Sources */,
				8B7F1C8C29AFD03D007CCD09 /* Movies.swift in Sources */,
				8B7F1C8F29AFD2C8007CCD09 /* NetworkService.swift in Sources */,
				8B57D400299ADD6500F530AD /* DetailController.swift in Sources */,
				8B15A2022989A83F0021D879 /* SceneDelegate.swift in Sources */,
				8B879F8F29A7EECD0046C88F /* Movie.swift in Sources */,
			);
			runOnlyForDeploymentPostprocessing = 0;
		};
		8B15A2112989A8430021D879 /* Sources */ = {
			isa = PBXSourcesBuildPhase;
			buildActionMask = 2147483647;
			files = (
				8B15A21A2989A8430021D879 /* MovieAppTests.swift in Sources */,
			);
			runOnlyForDeploymentPostprocessing = 0;
		};
		8B15A21B2989A8430021D879 /* Sources */ = {
			isa = PBXSourcesBuildPhase;
			buildActionMask = 2147483647;
			files = (
				8B15A2262989A8430021D879 /* MovieAppUITestsLaunchTests.swift in Sources */,
				8B15A2242989A8430021D879 /* MovieAppUITests.swift in Sources */,
			);
			runOnlyForDeploymentPostprocessing = 0;
		};
/* End PBXSourcesBuildPhase section */

/* Begin PBXTargetDependency section */
		8B15A2172989A8430021D879 /* PBXTargetDependency */ = {
			isa = PBXTargetDependency;
			target = 8B15A1FB2989A83F0021D879 /* MovieApp */;
			targetProxy = 8B15A2162989A8430021D879 /* PBXContainerItemProxy */;
		};
		8B15A2212989A8430021D879 /* PBXTargetDependency */ = {
			isa = PBXTargetDependency;
			target = 8B15A1FB2989A83F0021D879 /* MovieApp */;
			targetProxy = 8B15A2202989A8430021D879 /* PBXContainerItemProxy */;
		};
/* End PBXTargetDependency section */

/* Begin PBXVariantGroup section */
		8B15A20D2989A8430021D879 /* LaunchScreen.storyboard */ = {
			isa = PBXVariantGroup;
			children = (
				8B15A20E2989A8430021D879 /* Base */,
			);
			name = LaunchScreen.storyboard;
			sourceTree = "<group>";
		};
		8BD8D0CD299AB08900A488EC /* Localizable.strings */ = {
			isa = PBXVariantGroup;
			children = (
				8BD8D0CC299AB08900A488EC /* en */,
				8BD8D0CE299AB09E00A488EC /* tr */,
			);
			name = Localizable.strings;
			sourceTree = "<group>";
		};
/* End PBXVariantGroup section */

/* Begin XCBuildConfiguration section */
		8B15A2272989A8430021D879 /* Debug */ = {
			isa = XCBuildConfiguration;
			buildSettings = {
				ALWAYS_SEARCH_USER_PATHS = NO;
				CLANG_ANALYZER_LOCALIZABILITY_NONLOCALIZED = YES;
				CLANG_ANALYZER_NONNULL = YES;
				CLANG_ANALYZER_NUMBER_OBJECT_CONVERSION = YES_AGGRESSIVE;
				CLANG_CXX_LANGUAGE_STANDARD = "gnu++17";
				CLANG_ENABLE_MODULES = YES;
				CLANG_ENABLE_OBJC_ARC = YES;
				CLANG_ENABLE_OBJC_WEAK = YES;
				CLANG_WARN_BLOCK_CAPTURE_AUTORELEASING = YES;
				CLANG_WARN_BOOL_CONVERSION = YES;
				CLANG_WARN_COMMA = YES;
				CLANG_WARN_CONSTANT_CONVERSION = YES;
				CLANG_WARN_DEPRECATED_OBJC_IMPLEMENTATIONS = YES;
				CLANG_WARN_DIRECT_OBJC_ISA_USAGE = YES_ERROR;
				CLANG_WARN_DOCUMENTATION_COMMENTS = YES;
				CLANG_WARN_EMPTY_BODY = YES;
				CLANG_WARN_ENUM_CONVERSION = YES;
				CLANG_WARN_INFINITE_RECURSION = YES;
				CLANG_WARN_INT_CONVERSION = YES;
				CLANG_WARN_NON_LITERAL_NULL_CONVERSION = YES;
				CLANG_WARN_OBJC_IMPLICIT_RETAIN_SELF = YES;
				CLANG_WARN_OBJC_LITERAL_CONVERSION = YES;
				CLANG_WARN_OBJC_ROOT_CLASS = YES_ERROR;
				CLANG_WARN_QUOTED_INCLUDE_IN_FRAMEWORK_HEADER = YES;
				CLANG_WARN_RANGE_LOOP_ANALYSIS = YES;
				CLANG_WARN_STRICT_PROTOTYPES = YES;
				CLANG_WARN_SUSPICIOUS_MOVE = YES;
				CLANG_WARN_UNGUARDED_AVAILABILITY = YES_AGGRESSIVE;
				CLANG_WARN_UNREACHABLE_CODE = YES;
				CLANG_WARN__DUPLICATE_METHOD_MATCH = YES;
				COPY_PHASE_STRIP = NO;
				DEBUG_INFORMATION_FORMAT = dwarf;
				ENABLE_STRICT_OBJC_MSGSEND = YES;
				ENABLE_TESTABILITY = YES;
				GCC_C_LANGUAGE_STANDARD = gnu11;
				GCC_DYNAMIC_NO_PIC = NO;
				GCC_NO_COMMON_BLOCKS = YES;
				GCC_OPTIMIZATION_LEVEL = 0;
				GCC_PREPROCESSOR_DEFINITIONS = (
					"DEBUG=1",
					"$(inherited)",
				);
				GCC_WARN_64_TO_32_BIT_CONVERSION = YES;
				GCC_WARN_ABOUT_RETURN_TYPE = YES_ERROR;
				GCC_WARN_UNDECLARED_SELECTOR = YES;
				GCC_WARN_UNINITIALIZED_AUTOS = YES_AGGRESSIVE;
				GCC_WARN_UNUSED_FUNCTION = YES;
				GCC_WARN_UNUSED_VARIABLE = YES;
				IPHONEOS_DEPLOYMENT_TARGET = 14.0;
				MTL_ENABLE_DEBUG_INFO = INCLUDE_SOURCE;
				MTL_FAST_MATH = YES;
				ONLY_ACTIVE_ARCH = YES;
				SDKROOT = iphoneos;
				SWIFT_ACTIVE_COMPILATION_CONDITIONS = DEBUG;
				SWIFT_OPTIMIZATION_LEVEL = "-Onone";
			};
			name = Debug;
		};
		8B15A2282989A8430021D879 /* Release */ = {
			isa = XCBuildConfiguration;
			buildSettings = {
				ALWAYS_SEARCH_USER_PATHS = NO;
				CLANG_ANALYZER_LOCALIZABILITY_NONLOCALIZED = YES;
				CLANG_ANALYZER_NONNULL = YES;
				CLANG_ANALYZER_NUMBER_OBJECT_CONVERSION = YES_AGGRESSIVE;
				CLANG_CXX_LANGUAGE_STANDARD = "gnu++17";
				CLANG_ENABLE_MODULES = YES;
				CLANG_ENABLE_OBJC_ARC = YES;
				CLANG_ENABLE_OBJC_WEAK = YES;
				CLANG_WARN_BLOCK_CAPTURE_AUTORELEASING = YES;
				CLANG_WARN_BOOL_CONVERSION = YES;
				CLANG_WARN_COMMA = YES;
				CLANG_WARN_CONSTANT_CONVERSION = YES;
				CLANG_WARN_DEPRECATED_OBJC_IMPLEMENTATIONS = YES;
				CLANG_WARN_DIRECT_OBJC_ISA_USAGE = YES_ERROR;
				CLANG_WARN_DOCUMENTATION_COMMENTS = YES;
				CLANG_WARN_EMPTY_BODY = YES;
				CLANG_WARN_ENUM_CONVERSION = YES;
				CLANG_WARN_INFINITE_RECURSION = YES;
				CLANG_WARN_INT_CONVERSION = YES;
				CLANG_WARN_NON_LITERAL_NULL_CONVERSION = YES;
				CLANG_WARN_OBJC_IMPLICIT_RETAIN_SELF = YES;
				CLANG_WARN_OBJC_LITERAL_CONVERSION = YES;
				CLANG_WARN_OBJC_ROOT_CLASS = YES_ERROR;
				CLANG_WARN_QUOTED_INCLUDE_IN_FRAMEWORK_HEADER = YES;
				CLANG_WARN_RANGE_LOOP_ANALYSIS = YES;
				CLANG_WARN_STRICT_PROTOTYPES = YES;
				CLANG_WARN_SUSPICIOUS_MOVE = YES;
				CLANG_WARN_UNGUARDED_AVAILABILITY = YES_AGGRESSIVE;
				CLANG_WARN_UNREACHABLE_CODE = YES;
				CLANG_WARN__DUPLICATE_METHOD_MATCH = YES;
				COPY_PHASE_STRIP = NO;
				DEBUG_INFORMATION_FORMAT = "dwarf-with-dsym";
				ENABLE_NS_ASSERTIONS = NO;
				ENABLE_STRICT_OBJC_MSGSEND = YES;
				GCC_C_LANGUAGE_STANDARD = gnu11;
				GCC_NO_COMMON_BLOCKS = YES;
				GCC_WARN_64_TO_32_BIT_CONVERSION = YES;
				GCC_WARN_ABOUT_RETURN_TYPE = YES_ERROR;
				GCC_WARN_UNDECLARED_SELECTOR = YES;
				GCC_WARN_UNINITIALIZED_AUTOS = YES_AGGRESSIVE;
				GCC_WARN_UNUSED_FUNCTION = YES;
				GCC_WARN_UNUSED_VARIABLE = YES;
				IPHONEOS_DEPLOYMENT_TARGET = 14.0;
				MTL_ENABLE_DEBUG_INFO = NO;
				MTL_FAST_MATH = YES;
				SDKROOT = iphoneos;
				SWIFT_COMPILATION_MODE = wholemodule;
				SWIFT_OPTIMIZATION_LEVEL = "-O";
				VALIDATE_PRODUCT = YES;
			};
			name = Release;
		};
		8B15A22A2989A8430021D879 /* Debug */ = {
			isa = XCBuildConfiguration;
			buildSettings = {
				ASSETCATALOG_COMPILER_APPICON_NAME = AppIcon;
				ASSETCATALOG_COMPILER_GLOBAL_ACCENT_COLOR_NAME = AccentColor;
				CODE_SIGN_STYLE = Automatic;
				CURRENT_PROJECT_VERSION = 1;
				DEVELOPMENT_TEAM = 3K68Q42UPA;
				GENERATE_INFOPLIST_FILE = YES;
				INFOPLIST_FILE = MovieApp/Resources/Info.plist;
				INFOPLIST_KEY_UIApplicationSupportsIndirectInputEvents = YES;
				INFOPLIST_KEY_UILaunchStoryboardName = LaunchScreen;
				INFOPLIST_KEY_UISupportedInterfaceOrientations = UIInterfaceOrientationPortrait;
				INFOPLIST_KEY_UISupportedInterfaceOrientations_iPad = "UIInterfaceOrientationPortrait UIInterfaceOrientationPortraitUpsideDown UIInterfaceOrientationLandscapeLeft UIInterfaceOrientationLandscapeRight";
				INFOPLIST_KEY_UISupportedInterfaceOrientations_iPhone = "UIInterfaceOrientationPortrait UIInterfaceOrientationLandscapeLeft UIInterfaceOrientationLandscapeRight";
				IPHONEOS_DEPLOYMENT_TARGET = 14.0;
				LD_RUNPATH_SEARCH_PATHS = (
					"$(inherited)",
					"@executable_path/Frameworks",
				);
				MARKETING_VERSION = 0.1.0;
				PRODUCT_BUNDLE_IDENTIFIER = com.emretanrisever.movieapp;
				PRODUCT_NAME = "$(TARGET_NAME)";
				SWIFT_EMIT_LOC_STRINGS = YES;
				SWIFT_VERSION = 5.0;
				TARGETED_DEVICE_FAMILY = 1;
			};
			name = Debug;
		};
		8B15A22B2989A8430021D879 /* Release */ = {
			isa = XCBuildConfiguration;
			buildSettings = {
				ASSETCATALOG_COMPILER_APPICON_NAME = AppIcon;
				ASSETCATALOG_COMPILER_GLOBAL_ACCENT_COLOR_NAME = AccentColor;
				CODE_SIGN_STYLE = Automatic;
				CURRENT_PROJECT_VERSION = 1;
				DEVELOPMENT_TEAM = 3K68Q42UPA;
				GENERATE_INFOPLIST_FILE = YES;
				INFOPLIST_FILE = MovieApp/Resources/Info.plist;
				INFOPLIST_KEY_UIApplicationSupportsIndirectInputEvents = YES;
				INFOPLIST_KEY_UILaunchStoryboardName = LaunchScreen;
				INFOPLIST_KEY_UISupportedInterfaceOrientations = UIInterfaceOrientationPortrait;
				INFOPLIST_KEY_UISupportedInterfaceOrientations_iPad = "UIInterfaceOrientationPortrait UIInterfaceOrientationPortraitUpsideDown UIInterfaceOrientationLandscapeLeft UIInterfaceOrientationLandscapeRight";
				INFOPLIST_KEY_UISupportedInterfaceOrientations_iPhone = "UIInterfaceOrientationPortrait UIInterfaceOrientationLandscapeLeft UIInterfaceOrientationLandscapeRight";
				IPHONEOS_DEPLOYMENT_TARGET = 14.0;
				LD_RUNPATH_SEARCH_PATHS = (
					"$(inherited)",
					"@executable_path/Frameworks",
				);
				MARKETING_VERSION = 0.1.0;
				PRODUCT_BUNDLE_IDENTIFIER = com.emretanrisever.movieapp;
				PRODUCT_NAME = "$(TARGET_NAME)";
				SWIFT_EMIT_LOC_STRINGS = YES;
				SWIFT_VERSION = 5.0;
				TARGETED_DEVICE_FAMILY = 1;
			};
			name = Release;
		};
		8B15A22D2989A8430021D879 /* Debug */ = {
			isa = XCBuildConfiguration;
			buildSettings = {
				ALWAYS_EMBED_SWIFT_STANDARD_LIBRARIES = YES;
				BUNDLE_LOADER = "$(TEST_HOST)";
				CODE_SIGN_STYLE = Automatic;
				CURRENT_PROJECT_VERSION = 1;
				DEVELOPMENT_TEAM = 3K68Q42UPA;
				GENERATE_INFOPLIST_FILE = YES;
				IPHONEOS_DEPLOYMENT_TARGET = 15.5;
				MARKETING_VERSION = 1.0;
				PRODUCT_BUNDLE_IDENTIFIER = com.emretanrisever.MovieAppTests;
				PRODUCT_NAME = "$(TARGET_NAME)";
				SWIFT_EMIT_LOC_STRINGS = NO;
				SWIFT_VERSION = 5.0;
				TARGETED_DEVICE_FAMILY = "1,2";
				TEST_HOST = "$(BUILT_PRODUCTS_DIR)/MovieApp.app/MovieApp";
			};
			name = Debug;
		};
		8B15A22E2989A8430021D879 /* Release */ = {
			isa = XCBuildConfiguration;
			buildSettings = {
				ALWAYS_EMBED_SWIFT_STANDARD_LIBRARIES = YES;
				BUNDLE_LOADER = "$(TEST_HOST)";
				CODE_SIGN_STYLE = Automatic;
				CURRENT_PROJECT_VERSION = 1;
				DEVELOPMENT_TEAM = 3K68Q42UPA;
				GENERATE_INFOPLIST_FILE = YES;
				IPHONEOS_DEPLOYMENT_TARGET = 15.5;
				MARKETING_VERSION = 1.0;
				PRODUCT_BUNDLE_IDENTIFIER = com.emretanrisever.MovieAppTests;
				PRODUCT_NAME = "$(TARGET_NAME)";
				SWIFT_EMIT_LOC_STRINGS = NO;
				SWIFT_VERSION = 5.0;
				TARGETED_DEVICE_FAMILY = "1,2";
				TEST_HOST = "$(BUILT_PRODUCTS_DIR)/MovieApp.app/MovieApp";
			};
			name = Release;
		};
		8B15A2302989A8430021D879 /* Debug */ = {
			isa = XCBuildConfiguration;
			buildSettings = {
				ALWAYS_EMBED_SWIFT_STANDARD_LIBRARIES = YES;
				CODE_SIGN_STYLE = Automatic;
				CURRENT_PROJECT_VERSION = 1;
				DEVELOPMENT_TEAM = 3K68Q42UPA;
				GENERATE_INFOPLIST_FILE = YES;
				MARKETING_VERSION = 1.0;
				PRODUCT_BUNDLE_IDENTIFIER = com.emretanrisever.MovieAppUITests;
				PRODUCT_NAME = "$(TARGET_NAME)";
				SWIFT_EMIT_LOC_STRINGS = NO;
				SWIFT_VERSION = 5.0;
				TARGETED_DEVICE_FAMILY = "1,2";
				TEST_TARGET_NAME = MovieApp;
			};
			name = Debug;
		};
		8B15A2312989A8430021D879 /* Release */ = {
			isa = XCBuildConfiguration;
			buildSettings = {
				ALWAYS_EMBED_SWIFT_STANDARD_LIBRARIES = YES;
				CODE_SIGN_STYLE = Automatic;
				CURRENT_PROJECT_VERSION = 1;
				DEVELOPMENT_TEAM = 3K68Q42UPA;
				GENERATE_INFOPLIST_FILE = YES;
				MARKETING_VERSION = 1.0;
				PRODUCT_BUNDLE_IDENTIFIER = com.emretanrisever.MovieAppUITests;
				PRODUCT_NAME = "$(TARGET_NAME)";
				SWIFT_EMIT_LOC_STRINGS = NO;
				SWIFT_VERSION = 5.0;
				TARGETED_DEVICE_FAMILY = "1,2";
				TEST_TARGET_NAME = MovieApp;
			};
			name = Release;
		};
/* End XCBuildConfiguration section */

/* Begin XCConfigurationList section */
		8B15A1F72989A83F0021D879 /* Build configuration list for PBXProject "MovieApp" */ = {
			isa = XCConfigurationList;
			buildConfigurations = (
				8B15A2272989A8430021D879 /* Debug */,
				8B15A2282989A8430021D879 /* Release */,
			);
			defaultConfigurationIsVisible = 0;
			defaultConfigurationName = Release;
		};
		8B15A2292989A8430021D879 /* Build configuration list for PBXNativeTarget "MovieApp" */ = {
			isa = XCConfigurationList;
			buildConfigurations = (
				8B15A22A2989A8430021D879 /* Debug */,
				8B15A22B2989A8430021D879 /* Release */,
			);
			defaultConfigurationIsVisible = 0;
			defaultConfigurationName = Release;
		};
		8B15A22C2989A8430021D879 /* Build configuration list for PBXNativeTarget "MovieAppTests" */ = {
			isa = XCConfigurationList;
			buildConfigurations = (
				8B15A22D2989A8430021D879 /* Debug */,
				8B15A22E2989A8430021D879 /* Release */,
			);
			defaultConfigurationIsVisible = 0;
			defaultConfigurationName = Release;
		};
		8B15A22F2989A8430021D879 /* Build configuration list for PBXNativeTarget "MovieAppUITests" */ = {
			isa = XCConfigurationList;
			buildConfigurations = (
				8B15A2302989A8430021D879 /* Debug */,
				8B15A2312989A8430021D879 /* Release */,
			);
			defaultConfigurationIsVisible = 0;
			defaultConfigurationName = Release;
		};
/* End XCConfigurationList section */

/* Begin XCRemoteSwiftPackageReference section */
		8B1BAE4229B25CDD00738BBC /* XCRemoteSwiftPackageReference "Kingfisher" */ = {
			isa = XCRemoteSwiftPackageReference;
			repositoryURL = "https://github.com/onevcat/Kingfisher.git";
			requirement = {
				kind = upToNextMajorVersion;
				minimumVersion = 7.0.0;
			};
		};
/* End XCRemoteSwiftPackageReference section */

/* Begin XCSwiftPackageProductDependency section */
		8B1BAE4329B25CDD00738BBC /* Kingfisher */ = {
			isa = XCSwiftPackageProductDependency;
			package = 8B1BAE4229B25CDD00738BBC /* XCRemoteSwiftPackageReference "Kingfisher" */;
			productName = Kingfisher;
		};
/* End XCSwiftPackageProductDependency section */

/* Begin XCVersionGroup section */
		8B15A2082989A83F0021D879 /* MovieApp.xcdatamodeld */ = {
			isa = XCVersionGroup;
			children = (
				8B15A2092989A83F0021D879 /* MovieApp.xcdatamodel */,
			);
			currentVersion = 8B15A2092989A83F0021D879 /* MovieApp.xcdatamodel */;
			path = MovieApp.xcdatamodeld;
			sourceTree = "<group>";
			versionGroupType = wrapper.xcdatamodel;
		};
/* End XCVersionGroup section */
	};
	rootObject = 8B15A1F42989A83F0021D879 /* Project object */;
}
